// !$*UTF8*$!
{
	archiveVersion = 1;
	classes = {
	};
	objectVersion = 50;
	objects = {

/* Begin PBXBuildFile section */
		6E49653826BBE07C00792B0F /* CustomSliderApp.swift in Sources */ = {isa = PBXBuildFile; fileRef = 6E49653726BBE07C00792B0F /* CustomSliderApp.swift */; };
		6E49653A26BBE07C00792B0F /* ContentView.swift in Sources */ = {isa = PBXBuildFile; fileRef = 6E49653926BBE07C00792B0F /* ContentView.swift */; };
		6E49653C26BBE08100792B0F /* Assets.xcassets in Resources */ = {isa = PBXBuildFile; fileRef = 6E49653B26BBE08100792B0F /* Assets.xcassets */; };
		6E49653F26BBE08100792B0F /* Preview Assets.xcassets in Resources */ = {isa = PBXBuildFile; fileRef = 6E49653E26BBE08100792B0F /* Preview Assets.xcassets */; };
		6E49654726BBE0DF00792B0F /* CustomSlider.swift in Sources */ = {isa = PBXBuildFile; fileRef = 6E49654626BBE0DF00792B0F /* CustomSlider.swift */; };
		6E49654926BBEDBA00792B0F /* SwitchView.swift in Sources */ = {isa = PBXBuildFile; fileRef = 6E49654826BBEDBA00792B0F /* SwitchView.swift */; };
/* End PBXBuildFile section */

/* Begin PBXFileReference section */
		6E49653426BBE07C00792B0F /* CustomSlider.app */ = {isa = PBXFileReference; explicitFileType = wrapper.application; includeInIndex = 0; path = CustomSlider.app; sourceTree = BUILT_PRODUCTS_DIR; };
		6E49653726BBE07C00792B0F /* CustomSliderApp.swift */ = {isa = PBXFileReference; lastKnownFileType = sourcecode.swift; path = CustomSliderApp.swift; sourceTree = "<group>"; };
		6E49653926BBE07C00792B0F /* ContentView.swift */ = {isa = PBXFileReference; lastKnownFileType = sourcecode.swift; path = ContentView.swift; sourceTree = "<group>"; };
		6E49653B26BBE08100792B0F /* Assets.xcassets */ = {isa = PBXFileReference; lastKnownFileType = folder.assetcatalog; path = Assets.xcassets; sourceTree = "<group>"; };
		6E49653E26BBE08100792B0F /* Preview Assets.xcassets */ = {isa = PBXFileReference; lastKnownFileType = folder.assetcatalog; path = "Preview Assets.xcassets"; sourceTree = "<group>"; };
		6E49654026BBE08100792B0F /* Info.plist */ = {isa = PBXFileReference; lastKnownFileType = text.plist.xml; path = Info.plist; sourceTree = "<group>"; };
		6E49654626BBE0DF00792B0F /* CustomSlider.swift */ = {isa = PBXFileReference; lastKnownFileType = sourcecode.swift; path = CustomSlider.swift; sourceTree = "<group>"; };
		6E49654826BBEDBA00792B0F /* SwitchView.swift */ = {isa = PBXFileReference; lastKnownFileType = sourcecode.swift; path = SwitchView.swift; sourceTree = "<group>"; };
/* End PBXFileReference section */

/* Begin PBXFrameworksBuildPhase section */
		6E49653126BBE07C00792B0F /* Frameworks */ = {
			isa = PBXFrameworksBuildPhase;
			buildActionMask = 2147483647;
			files = (
			);
			runOnlyForDeploymentPostprocessing = 0;
		};
/* End PBXFrameworksBuildPhase section */

/* Begin PBXGroup section */
		6E49652B26BBE07C00792B0F = {
			isa = PBXGroup;
			children = (
				6E49653626BBE07C00792B0F /* CustomSlider */,
				6E49653526BBE07C00792B0F /* Products */,
			);
			sourceTree = "<group>";
		};
		6E49653526BBE07C00792B0F /* Products */ = {
			isa = PBXGroup;
			children = (
				6E49653426BBE07C00792B0F /* CustomSlider.app */,
			);
			name = Products;
			sourceTree = "<group>";
		};
		6E49653626BBE07C00792B0F /* CustomSlider */ = {
			isa = PBXGroup;
			children = (
				6E49653726BBE07C00792B0F /* CustomSliderApp.swift */,
				6E49653926BBE07C00792B0F /* ContentView.swift */,
				6E49654626BBE0DF00792B0F /* CustomSlider.swift */,
				6E49654826BBEDBA00792B0F /* SwitchView.swift */,
				6E49653B26BBE08100792B0F /* Assets.xcassets */,
				6E49654026BBE08100792B0F /* Info.plist */,
				6E49653D26BBE08100792B0F /* Preview Content */,
			);
			path = CustomSlider;
			sourceTree = "<group>";
		};
		6E49653D26BBE08100792B0F /* Preview Content */ = {
			isa = PBXGroup;
			children = (
				6E49653E26BBE08100792B0F /* Preview Assets.xcassets */,
			);
			path = "Preview Content";
			sourceTree = "<group>";
		};
/* End PBXGroup section */

/* Begin PBXNativeTarget section */
		6E49653326BBE07C00792B0F /* CustomSlider */ = {
			isa = PBXNativeTarget;
			buildConfigurationList = 6E49654326BBE08100792B0F /* Build configuration list for PBXNativeTarget "CustomSlider" */;
			buildPhases = (
				6E49653026BBE07C00792B0F /* Sources */,
				6E49653126BBE07C00792B0F /* Frameworks */,
				6E49653226BBE07C00792B0F /* Resources */,
			);
			buildRules = (
			);
			dependencies = (
			);
			name = CustomSlider;
			productName = CustomSlider;
			productReference = 6E49653426BBE07C00792B0F /* CustomSlider.app */;
			productType = "com.apple.product-type.application";
		};
/* End PBXNativeTarget section */

/* Begin PBXProject section */
		6E49652C26BBE07C00792B0F /* Project object */ = {
			isa = PBXProject;
			attributes = {
				LastSwiftUpdateCheck = 1250;
				LastUpgradeCheck = 1250;
				TargetAttributes = {
					6E49653326BBE07C00792B0F = {
						CreatedOnToolsVersion = 12.5.1;
					};
				};
			};
			buildConfigurationList = 6E49652F26BBE07C00792B0F /* Build configuration list for PBXProject "CustomSlider" */;
			compatibilityVersion = "Xcode 9.3";
			developmentRegion = en;
			hasScannedForEncodings = 0;
			knownRegions = (
				en,
				Base,
			);
			mainGroup = 6E49652B26BBE07C00792B0F;
			productRefGroup = 6E49653526BBE07C00792B0F /* Products */;
			projectDirPath = "";
			projectRoot = "";
			targets = (
				6E49653326BBE07C00792B0F /* CustomSlider */,
			);
		};
/* End PBXProject section */

/* Begin PBXResourcesBuildPhase section */
		6E49653226BBE07C00792B0F /* Resources */ = {
			isa = PBXResourcesBuildPhase;
			buildActionMask = 2147483647;
			files = (
				6E49653F26BBE08100792B0F /* Preview Assets.xcassets in Resources */,
				6E49653C26BBE08100792B0F /* Assets.xcassets in Resources */,
			);
			runOnlyForDeploymentPostprocessing = 0;
		};
/* End PBXResourcesBuildPhase section */

/* Begin PBXSourcesBuildPhase section */
		6E49653026BBE07C00792B0F /* Sources */ = {
			isa = PBXSourcesBuildPhase;
			buildActionMask = 2147483647;
			files = (
				6E49654926BBEDBA00792B0F /* SwitchView.swift in Sources */,
				6E49653A26BBE07C00792B0F /* ContentView.swift in Sources */,
				6E49654726BBE0DF00792B0F /* CustomSlider.swift in Sources */,
				6E49653826BBE07C00792B0F /* CustomSliderApp.swift in Sources */,
			);
			runOnlyForDeploymentPostprocessing = 0;
		};
/* End PBXSourcesBuildPhase section */

/* Begin XCBuildConfiguration section */
		6E49654126BBE08100792B0F /* Debug */ = {
			isa = XCBuildConfiguration;
			buildSettings = {
				ALWAYS_SEARCH_USER_PATHS = NO;
				CLANG_ANALYZER_NONNULL = YES;
				CLANG_ANALYZER_NUMBER_OBJECT_CONVERSION = YES_AGGRESSIVE;
				CLANG_CXX_LANGUAGE_STANDARD = "gnu++14";
				CLANG_CXX_LIBRARY = "libc++";
				CLANG_ENABLE_MODULES = YES;
				CLANG_ENABLE_OBJC_ARC = YES;
				CLANG_ENABLE_OBJC_WEAK = YES;
				CLANG_WARN_BLOCK_CAPTURE_AUTORELEASING = YES;
				CLANG_WARN_BOOL_CONVERSION = YES;
				CLANG_WARN_COMMA = YES;
				CLANG_WARN_CONSTANT_CONVERSION = YES;
				CLANG_WARN_DEPRECATED_OBJC_IMPLEMENTATIONS = YES;
				CLANG_WARN_DIRECT_OBJC_ISA_USAGE = YES_ERROR;
				CLANG_WARN_DOCUMENTATION_COMMENTS = YES;
				CLANG_WARN_EMPTY_BODY = YES;
				CLANG_WARN_ENUM_CONVERSION = YES;
				CLANG_WARN_INFINITE_RECURSION = YES;
				CLANG_WARN_INT_CONVERSION = YES;
				CLANG_WARN_NON_LITERAL_NULL_CONVERSION = YES;
				CLANG_WARN_OBJC_IMPLICIT_RETAIN_SELF = YES;
				CLANG_WARN_OBJC_LITERAL_CONVERSION = YES;
				CLANG_WARN_OBJC_ROOT_CLASS = YES_ERROR;
				CLANG_WARN_QUOTED_INCLUDE_IN_FRAMEWORK_HEADER = YES;
				CLANG_WARN_RANGE_LOOP_ANALYSIS = YES;
				CLANG_WARN_STRICT_PROTOTYPES = YES;
				CLANG_WARN_SUSPICIOUS_MOVE = YES;
				CLANG_WARN_UNGUARDED_AVAILABILITY = YES_AGGRESSIVE;
				CLANG_WARN_UNREACHABLE_CODE = YES;
				CLANG_WARN__DUPLICATE_METHOD_MATCH = YES;
				COPY_PHASE_STRIP = NO;
				DEBUG_INFORMATION_FORMAT = dwarf;
				ENABLE_STRICT_OBJC_MSGSEND = YES;
				ENABLE_TESTABILITY = YES;
				GCC_C_LANGUAGE_STANDARD = gnu11;
				GCC_DYNAMIC_NO_PIC = NO;
				GCC_NO_COMMON_BLOCKS = YES;
				GCC_OPTIMIZATION_LEVEL = 0;
				GCC_PREPROCESSOR_DEFINITIONS = (
					"DEBUG=1",
					"$(inherited)",
				);
				GCC_WARN_64_TO_32_BIT_CONVERSION = YES;
				GCC_WARN_ABOUT_RETURN_TYPE = YES_ERROR;
				GCC_WARN_UNDECLARED_SELECTOR = YES;
				GCC_WARN_UNINITIALIZED_AUTOS = YES_AGGRESSIVE;
				GCC_WARN_UNUSED_FUNCTION = YES;
				GCC_WARN_UNUSED_VARIABLE = YES;
				IPHONEOS_DEPLOYMENT_TARGET = 14.5;
				MTL_ENABLE_DEBUG_INFO = INCLUDE_SOURCE;
				MTL_FAST_MATH = YES;
				ONLY_ACTIVE_ARCH = YES;
				SDKROOT = iphoneos;
				SWIFT_ACTIVE_COMPILATION_CONDITIONS = DEBUG;
				SWIFT_OPTIMIZATION_LEVEL = "-Onone";
			};
			name = Debug;
		};
		6E49654226BBE08100792B0F /* Release */ = {
			isa = XCBuildConfiguration;
			buildSettings = {
				ALWAYS_SEARCH_USER_PATHS = NO;
				CLANG_ANALYZER_NONNULL = YES;
				CLANG_ANALYZER_NUMBER_OBJECT_CONVERSION = YES_AGGRESSIVE;
				CLANG_CXX_LANGUAGE_STANDARD = "gnu++14";
				CLANG_CXX_LIBRARY = "libc++";
				CLANG_ENABLE_MODULES = YES;
				CLANG_ENABLE_OBJC_ARC = YES;
				CLANG_ENABLE_OBJC_WEAK = YES;
				CLANG_WARN_BLOCK_CAPTURE_AUTORELEASING = YES;
				CLANG_WARN_BOOL_CONVERSION = YES;
				CLANG_WARN_COMMA = YES;
				CLANG_WARN_CONSTANT_CONVERSION = YES;
				CLANG_WARN_DEPRECATED_OBJC_IMPLEMENTATIONS = YES;
				CLANG_WARN_DIRECT_OBJC_ISA_USAGE = YES_ERROR;
				CLANG_WARN_DOCUMENTATION_COMMENTS = YES;
				CLANG_WARN_EMPTY_BODY = YES;
				CLANG_WARN_ENUM_CONVERSION = YES;
				CLANG_WARN_INFINITE_RECURSION = YES;
				CLANG_WARN_INT_CONVERSION = YES;
				CLANG_WARN_NON_LITERAL_NULL_CONVERSION = YES;
				CLANG_WARN_OBJC_IMPLICIT_RETAIN_SELF = YES;
				CLANG_WARN_OBJC_LITERAL_CONVERSION = YES;
				CLANG_WARN_OBJC_ROOT_CLASS = YES_ERROR;
				CLANG_WARN_QUOTED_INCLUDE_IN_FRAMEWORK_HEADER = YES;
				CLANG_WARN_RANGE_LOOP_ANALYSIS = YES;
				CLANG_WARN_STRICT_PROTOTYPES = YES;
				CLANG_WARN_SUSPICIOUS_MOVE = YES;
				CLANG_WARN_UNGUARDED_AVAILABILITY = YES_AGGRESSIVE;
				CLANG_WARN_UNREACHABLE_CODE = YES;
				CLANG_WARN__DUPLICATE_METHOD_MATCH = YES;
				COPY_PHASE_STRIP = NO;
				DEBUG_INFORMATION_FORMAT = "dwarf-with-dsym";
				ENABLE_NS_ASSERTIONS = NO;
				ENABLE_STRICT_OBJC_MSGSEND = YES;
				GCC_C_LANGUAGE_STANDARD = gnu11;
				GCC_NO_COMMON_BLOCKS = YES;
				GCC_WARN_64_TO_32_BIT_CONVERSION = YES;
				GCC_WARN_ABOUT_RETURN_TYPE = YES_ERROR;
				GCC_WARN_UNDECLARED_SELECTOR = YES;
				GCC_WARN_UNINITIALIZED_AUTOS = YES_AGGRESSIVE;
				GCC_WARN_UNUSED_FUNCTION = YES;
				GCC_WARN_UNUSED_VARIABLE = YES;
				IPHONEOS_DEPLOYMENT_TARGET = 14.5;
				MTL_ENABLE_DEBUG_INFO = NO;
				MTL_FAST_MATH = YES;
				SDKROOT = iphoneos;
				SWIFT_COMPILATION_MODE = wholemodule;
				SWIFT_OPTIMIZATION_LEVEL = "-O";
				VALIDATE_PRODUCT = YES;
			};
			name = Release;
		};
		6E49654426BBE08100792B0F /* Debug */ = {
			isa = XCBuildConfiguration;
			buildSettings = {
				ASSETCATALOG_COMPILER_APPICON_NAME = AppIcon;
				ASSETCATALOG_COMPILER_GLOBAL_ACCENT_COLOR_NAME = AccentColor;
				CODE_SIGN_STYLE = Automatic;
				DEVELOPMENT_ASSET_PATHS = "\"CustomSlider/Preview Content\"";
				DEVELOPMENT_TEAM = 3TK89P9NL4;
				ENABLE_PREVIEWS = YES;
				INFOPLIST_FILE = CustomSlider/Info.plist;
				IPHONEOS_DEPLOYMENT_TARGET = 14.0;
				LD_RUNPATH_SEARCH_PATHS = (
					"$(inherited)",
					"@executable_path/Frameworks",
				);
				PRODUCT_BUNDLE_IDENTIFIER = kz.bcc.aknur.CustomSlider;
				PRODUCT_NAME = "$(TARGET_NAME)";
				SWIFT_VERSION = 5.0;
				TARGETED_DEVICE_FAMILY = "1,2";
			};
			name = Debug;
		};
		6E49654526BBE08100792B0F /* Release */ = {
			isa = XCBuildConfiguration;
			buildSettings = {
				ASSETCATALOG_COMPILER_APPICON_NAME = AppIcon;
				ASSETCATALOG_COMPILER_GLOBAL_ACCENT_COLOR_NAME = AccentColor;
				CODE_SIGN_STYLE = Automatic;
				DEVELOPMENT_ASSET_PATHS = "\"CustomSlider/Preview Content\"";
				DEVELOPMENT_TEAM = 3TK89P9NL4;
				ENABLE_PREVIEWS = YES;
				INFOPLIST_FILE = CustomSlider/Info.plist;
				IPHONEOS_DEPLOYMENT_TARGET = 14.0;
				LD_RUNPATH_SEARCH_PATHS = (
					"$(inherited)",
					"@executable_path/Frameworks",
				);
				PRODUCT_BUNDLE_IDENTIFIER = kz.bcc.aknur.CustomSlider;
				PRODUCT_NAME = "$(TARGET_NAME)";
				SWIFT_VERSION = 5.0;
				TARGETED_DEVICE_FAMILY = "1,2";
			};
			name = Release;
		};
/* End XCBuildConfiguration section */

/* Begin XCConfigurationList section */
		6E49652F26BBE07C00792B0F /* Build configuration list for PBXProject "CustomSlider" */ = {
			isa = XCConfigurationList;
			buildConfigurations = (
				6E49654126BBE08100792B0F /* Debug */,
				6E49654226BBE08100792B0F /* Release */,
			);
			defaultConfigurationIsVisible = 0;
			defaultConfigurationName = Release;
		};
		6E49654326BBE08100792B0F /* Build configuration list for PBXNativeTarget "CustomSlider" */ = {
			isa = XCConfigurationList;
			buildConfigurations = (
				6E49654426BBE08100792B0F /* Debug */,
				6E49654526BBE08100792B0F /* Release */,
			);
			defaultConfigurationIsVisible = 0;
			defaultConfigurationName = Release;
		};
/* End XCConfigurationList section */
	};
	rootObject = 6E49652C26BBE07C00792B0F /* Project object */;
}
